
Microsoft Visual Studio Solution File, Format Version 12.00
Project("{2150E333-8FDC-42A3-9474-1A3956D46DE8}") = "src", "src", "{8582E8A8-CB3C-4A19-A516-05B8585B578A}"
EndProject
Project("{2150E333-8FDC-42A3-9474-1A3956D46DE8}") = "tests", "tests", "{1F4239DD-598A-4D68-BCC4-0BD936A8519E}"
EndProject
Project("{FAE04EC0-301F-11D3-BF4B-00C04F79EFBC}") = "Aoxe.Extensions.Configuration.Consul", "src\Aoxe.Extensions.Configuration.Consul\Aoxe.Extensions.Configuration.Consul.csproj", "{CD616E7E-AE0A-422E-B906-CC8F021F88CB}"
EndProject
Project("{FAE04EC0-301F-11D3-BF4B-00C04F79EFBC}") = "Aoxe.Extensions.Configuration.Consul.Ini", "src\Aoxe.Extensions.Configuration.Consul.Ini\Aoxe.Extensions.Configuration.Consul.Ini.csproj", "{612EDB60-6189-44E4-8550-41E7345AD708}"
EndProject
Project("{FAE04EC0-301F-11D3-BF4B-00C04F79EFBC}") = "Aoxe.Extensions.Configuration.Consul.Json", "src\Aoxe.Extensions.Configuration.Consul.Json\Aoxe.Extensions.Configuration.Consul.Json.csproj", "{9A11A4F8-6074-4461-9274-2C7086724B60}"
EndProject
Project("{FAE04EC0-301F-11D3-BF4B-00C04F79EFBC}") = "Aoxe.Extensions.Configuration.Consul.Xml", "src\Aoxe.Extensions.Configuration.Consul.Xml\Aoxe.Extensions.Configuration.Consul.Xml.csproj", "{EE7CAFFC-8353-4928-8CC2-9EF4F434F136}"
EndProject
Project("{FAE04EC0-301F-11D3-BF4B-00C04F79EFBC}") = "Aoxe.Extensions.Configuration.Consul.Test", "tests\Aoxe.Extensions.Configuration.Consul.Test\Aoxe.Extensions.Configuration.Consul.Test.csproj", "{DB16E0E5-E29A-4D57-ACDA-01E5FFB7C656}"
EndProject
Project("{FAE04EC0-301F-11D3-BF4B-00C04F79EFBC}") = "Aoxe.Extensions.Configuration.Consul.Ini.Test", "tests\Aoxe.Extensions.Configuration.Consul.Ini.Test\Aoxe.Extensions.Configuration.Consul.Ini.Test.csproj", "{0FE0B263-D989-4470-8950-2C2958FB2823}"
EndProject
Project("{FAE04EC0-301F-11D3-BF4B-00C04F79EFBC}") = "Aoxe.Extensions.Configuration.Consul.Json.Test", "tests\Aoxe.Extensions.Configuration.Consul.Json.Test\Aoxe.Extensions.Configuration.Consul.Json.Test.csproj", "{1B2CE7DE-23C4-4C97-8CA8-21C5664591B2}"
EndProject
Project("{FAE04EC0-301F-11D3-BF4B-00C04F79EFBC}") = "Aoxe.Extensions.Configuration.Consul.NewtonsoftJson.Test", "tests\Aoxe.Extensions.Configuration.Consul.NewtonsoftJson.Test\Aoxe.Extensions.Configuration.Consul.NewtonsoftJson.Test.csproj", "{E7DE1BDB-7B6B-4B2E-BC6D-B0466A8068B5}"
EndProject
Project("{FAE04EC0-301F-11D3-BF4B-00C04F79EFBC}") = "Aoxe.Extensions.Configuration.Consul.IniParser.Test", "tests\Aoxe.Extensions.Configuration.Consul.IniParser.Test\Aoxe.Extensions.Configuration.Consul.IniParser.Test.csproj", "{0167CCB9-E9F7-4E7C-919A-DBA15F55B5D6}"
EndProject
Project("{FAE04EC0-301F-11D3-BF4B-00C04F79EFBC}") = "Aoxe.Extensions.Configuration.Consul.SharpYaml.Test", "tests\Aoxe.Extensions.Configuration.Consul.SharpYaml.Test\Aoxe.Extensions.Configuration.Consul.SharpYaml.Test.csproj", "{51C99C55-4105-44EC-8B00-8D5CC452B63A}"
EndProject
Project("{FAE04EC0-301F-11D3-BF4B-00C04F79EFBC}") = "Aoxe.Extensions.Configuration.Consul.Tomlet.Test", "tests\Aoxe.Extensions.Configuration.Consul.Tomlet.Test\Aoxe.Extensions.Configuration.Consul.Tomlet.Test.csproj", "{D27181D7-86CF-463E-8220-46C492CA91EC}"
EndProject
Project("{FAE04EC0-301F-11D3-BF4B-00C04F79EFBC}") = "Aoxe.Extensions.Configuration.Consul.Tomlyn.Test", "tests\Aoxe.Extensions.Configuration.Consul.Tomlyn.Test\Aoxe.Extensions.Configuration.Consul.Tomlyn.Test.csproj", "{B1DCDE69-2F5A-4916-A793-708B92C851FE}"
EndProject
Project("{FAE04EC0-301F-11D3-BF4B-00C04F79EFBC}") = "Aoxe.Extensions.Configuration.Consul.Xml.Test", "tests\Aoxe.Extensions.Configuration.Consul.Xml.Test\Aoxe.Extensions.Configuration.Consul.Xml.Test.csproj", "{24AA5C74-2264-40AE-A978-281DC8C6014E}"
EndProject
Project("{FAE04EC0-301F-11D3-BF4B-00C04F79EFBC}") = "Aoxe.Extensions.Configuration.Consul.YamlDotNet.Test", "tests\Aoxe.Extensions.Configuration.Consul.YamlDotNet.Test\Aoxe.Extensions.Configuration.Consul.YamlDotNet.Test.csproj", "{B5556177-D15A-4094-90C2-ECFAE0F534A8}"
EndProject
Project("{FAE04EC0-301F-11D3-BF4B-00C04F79EFBC}") = "Aoxe.Extensions.Configuration.Consul.IniParser", "src\Aoxe.Extensions.Configuration.Consul.IniParser\Aoxe.Extensions.Configuration.Consul.IniParser.csproj", "{15D0393E-716E-4C07-945B-4DF45914F725}"
EndProject
Project("{FAE04EC0-301F-11D3-BF4B-00C04F79EFBC}") = "Aoxe.Extensions.Configuration.Consul.NewtonsoftJson", "src\Aoxe.Extensions.Configuration.Consul.NewtonsoftJson\Aoxe.Extensions.Configuration.Consul.NewtonsoftJson.csproj", "{1306AC12-D5F0-4D03-802D-C7F4E72C781E}"
EndProject
Project("{FAE04EC0-301F-11D3-BF4B-00C04F79EFBC}") = "Aoxe.Extensions.Configuration.Consul.SharpYaml", "src\Aoxe.Extensions.Configuration.Consul.SharpYaml\Aoxe.Extensions.Configuration.Consul.SharpYaml.csproj", "{E9BF266A-6EC9-49CB-9966-7DC3DAAE745B}"
EndProject
Project("{FAE04EC0-301F-11D3-BF4B-00C04F79EFBC}") = "Aoxe.Extensions.Configuration.Consul.Tomlet", "src\Aoxe.Extensions.Configuration.Consul.Tomlet\Aoxe.Extensions.Configuration.Consul.Tomlet.csproj", "{959073A8-F0DB-4C94-8739-AFC46C6A56AE}"
EndProject
Project("{FAE04EC0-301F-11D3-BF4B-00C04F79EFBC}") = "Aoxe.Extensions.Configuration.Consul.Tomlyn", "src\Aoxe.Extensions.Configuration.Consul.Tomlyn\Aoxe.Extensions.Configuration.Consul.Tomlyn.csproj", "{342B126E-CDEF-456F-AF71-3143C29BB517}"
EndProject
Project("{FAE04EC0-301F-11D3-BF4B-00C04F79EFBC}") = "Aoxe.Extensions.Configuration.Consul.YamlDotNet", "src\Aoxe.Extensions.Configuration.Consul.YamlDotNet\Aoxe.Extensions.Configuration.Consul.YamlDotNet.csproj", "{83BA31C1-B896-44D5-90B7-A1F1EF95C88B}"
EndProject
Global
	GlobalSection(SolutionConfigurationPlatforms) = preSolution
		Debug|Any CPU = Debug|Any CPU
		Release|Any CPU = Release|Any CPU
	EndGlobalSection
	GlobalSection(NestedProjects) = preSolution
		{CD616E7E-AE0A-422E-B906-CC8F021F88CB} = {8582E8A8-CB3C-4A19-A516-05B8585B578A}
		{612EDB60-6189-44E4-8550-41E7345AD708} = {8582E8A8-CB3C-4A19-A516-05B8585B578A}
		{9A11A4F8-6074-4461-9274-2C7086724B60} = {8582E8A8-CB3C-4A19-A516-05B8585B578A}
		{EE7CAFFC-8353-4928-8CC2-9EF4F434F136} = {8582E8A8-CB3C-4A19-A516-05B8585B578A}
		{DB16E0E5-E29A-4D57-ACDA-01E5FFB7C656} = {1F4239DD-598A-4D68-BCC4-0BD936A8519E}
		{0FE0B263-D989-4470-8950-2C2958FB2823} = {1F4239DD-598A-4D68-BCC4-0BD936A8519E}
		{1B2CE7DE-23C4-4C97-8CA8-21C5664591B2} = {1F4239DD-598A-4D68-BCC4-0BD936A8519E}
		{E7DE1BDB-7B6B-4B2E-BC6D-B0466A8068B5} = {1F4239DD-598A-4D68-BCC4-0BD936A8519E}
		{0167CCB9-E9F7-4E7C-919A-DBA15F55B5D6} = {1F4239DD-598A-4D68-BCC4-0BD936A8519E}
		{51C99C55-4105-44EC-8B00-8D5CC452B63A} = {1F4239DD-598A-4D68-BCC4-0BD936A8519E}
		{D27181D7-86CF-463E-8220-46C492CA91EC} = {1F4239DD-598A-4D68-BCC4-0BD936A8519E}
		{B1DCDE69-2F5A-4916-A793-708B92C851FE} = {1F4239DD-598A-4D68-BCC4-0BD936A8519E}
		{24AA5C74-2264-40AE-A978-281DC8C6014E} = {1F4239DD-598A-4D68-BCC4-0BD936A8519E}
		{B5556177-D15A-4094-90C2-ECFAE0F534A8} = {1F4239DD-598A-4D68-BCC4-0BD936A8519E}
		{15D0393E-716E-4C07-945B-4DF45914F725} = {8582E8A8-CB3C-4A19-A516-05B8585B578A}
		{1306AC12-D5F0-4D03-802D-C7F4E72C781E} = {8582E8A8-CB3C-4A19-A516-05B8585B578A}
		{E9BF266A-6EC9-49CB-9966-7DC3DAAE745B} = {8582E8A8-CB3C-4A19-A516-05B8585B578A}
		{959073A8-F0DB-4C94-8739-AFC46C6A56AE} = {8582E8A8-CB3C-4A19-A516-05B8585B578A}
		{342B126E-CDEF-456F-AF71-3143C29BB517} = {8582E8A8-CB3C-4A19-A516-05B8585B578A}
		{83BA31C1-B896-44D5-90B7-A1F1EF95C88B} = {8582E8A8-CB3C-4A19-A516-05B8585B578A}
	EndGlobalSection
	GlobalSection(ProjectConfigurationPlatforms) = postSolution
		{CD616E7E-AE0A-422E-B906-CC8F021F88CB}.Debug|Any CPU.ActiveCfg = Debug|Any CPU
		{CD616E7E-AE0A-422E-B906-CC8F021F88CB}.Debug|Any CPU.Build.0 = Debug|Any CPU
		{CD616E7E-AE0A-422E-B906-CC8F021F88CB}.Release|Any CPU.ActiveCfg = Release|Any CPU
		{CD616E7E-AE0A-422E-B906-CC8F021F88CB}.Release|Any CPU.Build.0 = Release|Any CPU
		{612EDB60-6189-44E4-8550-41E7345AD708}.Debug|Any CPU.ActiveCfg = Debug|Any CPU
		{612EDB60-6189-44E4-8550-41E7345AD708}.Debug|Any CPU.Build.0 = Debug|Any CPU
		{612EDB60-6189-44E4-8550-41E7345AD708}.Release|Any CPU.ActiveCfg = Release|Any CPU
		{612EDB60-6189-44E4-8550-41E7345AD708}.Release|Any CPU.Build.0 = Release|Any CPU
		{9A11A4F8-6074-4461-9274-2C7086724B60}.Debug|Any CPU.ActiveCfg = Debug|Any CPU
		{9A11A4F8-6074-4461-9274-2C7086724B60}.Debug|Any CPU.Build.0 = Debug|Any CPU
		{9A11A4F8-6074-4461-9274-2C7086724B60}.Release|Any CPU.ActiveCfg = Release|Any CPU
		{9A11A4F8-6074-4461-9274-2C7086724B60}.Release|Any CPU.Build.0 = Release|Any CPU
		{EE7CAFFC-8353-4928-8CC2-9EF4F434F136}.Debug|Any CPU.ActiveCfg = Debug|Any CPU
		{EE7CAFFC-8353-4928-8CC2-9EF4F434F136}.Debug|Any CPU.Build.0 = Debug|Any CPU
		{EE7CAFFC-8353-4928-8CC2-9EF4F434F136}.Release|Any CPU.ActiveCfg = Release|Any CPU
		{EE7CAFFC-8353-4928-8CC2-9EF4F434F136}.Release|Any CPU.Build.0 = Release|Any CPU
		{DB16E0E5-E29A-4D57-ACDA-01E5FFB7C656}.Debug|Any CPU.ActiveCfg = Debug|Any CPU
		{DB16E0E5-E29A-4D57-ACDA-01E5FFB7C656}.Debug|Any CPU.Build.0 = Debug|Any CPU
		{DB16E0E5-E29A-4D57-ACDA-01E5FFB7C656}.Release|Any CPU.ActiveCfg = Release|Any CPU
		{DB16E0E5-E29A-4D57-ACDA-01E5FFB7C656}.Release|Any CPU.Build.0 = Release|Any CPU
		{0FE0B263-D989-4470-8950-2C2958FB2823}.Debug|Any CPU.ActiveCfg = Debug|Any CPU
		{0FE0B263-D989-4470-8950-2C2958FB2823}.Debug|Any CPU.Build.0 = Debug|Any CPU
		{0FE0B263-D989-4470-8950-2C2958FB2823}.Release|Any CPU.ActiveCfg = Release|Any CPU
		{0FE0B263-D989-4470-8950-2C2958FB2823}.Release|Any CPU.Build.0 = Release|Any CPU
		{1B2CE7DE-23C4-4C97-8CA8-21C5664591B2}.Debug|Any CPU.ActiveCfg = Debug|Any CPU
		{1B2CE7DE-23C4-4C97-8CA8-21C5664591B2}.Debug|Any CPU.Build.0 = Debug|Any CPU
		{1B2CE7DE-23C4-4C97-8CA8-21C5664591B2}.Release|Any CPU.ActiveCfg = Release|Any CPU
		{1B2CE7DE-23C4-4C97-8CA8-21C5664591B2}.Release|Any CPU.Build.0 = Release|Any CPU
		{E7DE1BDB-7B6B-4B2E-BC6D-B0466A8068B5}.Debug|Any CPU.ActiveCfg = Debug|Any CPU
		{E7DE1BDB-7B6B-4B2E-BC6D-B0466A8068B5}.Debug|Any CPU.Build.0 = Debug|Any CPU
		{E7DE1BDB-7B6B-4B2E-BC6D-B0466A8068B5}.Release|Any CPU.ActiveCfg = Release|Any CPU
		{E7DE1BDB-7B6B-4B2E-BC6D-B0466A8068B5}.Release|Any CPU.Build.0 = Release|Any CPU
		{0167CCB9-E9F7-4E7C-919A-DBA15F55B5D6}.Debug|Any CPU.ActiveCfg = Debug|Any CPU
		{0167CCB9-E9F7-4E7C-919A-DBA15F55B5D6}.Debug|Any CPU.Build.0 = Debug|Any CPU
		{0167CCB9-E9F7-4E7C-919A-DBA15F55B5D6}.Release|Any CPU.ActiveCfg = Release|Any CPU
		{0167CCB9-E9F7-4E7C-919A-DBA15F55B5D6}.Release|Any CPU.Build.0 = Release|Any CPU
		{51C99C55-4105-44EC-8B00-8D5CC452B63A}.Debug|Any CPU.ActiveCfg = Debug|Any CPU
		{51C99C55-4105-44EC-8B00-8D5CC452B63A}.Debug|Any CPU.Build.0 = Debug|Any CPU
		{51C99C55-4105-44EC-8B00-8D5CC452B63A}.Release|Any CPU.ActiveCfg = Release|Any CPU
		{51C99C55-4105-44EC-8B00-8D5CC452B63A}.Release|Any CPU.Build.0 = Release|Any CPU
		{D27181D7-86CF-463E-8220-46C492CA91EC}.Debug|Any CPU.ActiveCfg = Debug|Any CPU
		{D27181D7-86CF-463E-8220-46C492CA91EC}.Debug|Any CPU.Build.0 = Debug|Any CPU
		{D27181D7-86CF-463E-8220-46C492CA91EC}.Release|Any CPU.ActiveCfg = Release|Any CPU
		{D27181D7-86CF-463E-8220-46C492CA91EC}.Release|Any CPU.Build.0 = Release|Any CPU
		{B1DCDE69-2F5A-4916-A793-708B92C851FE}.Debug|Any CPU.ActiveCfg = Debug|Any CPU
		{B1DCDE69-2F5A-4916-A793-708B92C851FE}.Debug|Any CPU.Build.0 = Debug|Any CPU
		{B1DCDE69-2F5A-4916-A793-708B92C851FE}.Release|Any CPU.ActiveCfg = Release|Any CPU
		{B1DCDE69-2F5A-4916-A793-708B92C851FE}.Release|Any CPU.Build.0 = Release|Any CPU
		{24AA5C74-2264-40AE-A978-281DC8C6014E}.Debug|Any CPU.ActiveCfg = Debug|Any CPU
		{24AA5C74-2264-40AE-A978-281DC8C6014E}.Debug|Any CPU.Build.0 = Debug|Any CPU
		{24AA5C74-2264-40AE-A978-281DC8C6014E}.Release|Any CPU.ActiveCfg = Release|Any CPU
		{24AA5C74-2264-40AE-A978-281DC8C6014E}.Release|Any CPU.Build.0 = Release|Any CPU
		{B5556177-D15A-4094-90C2-ECFAE0F534A8}.Debug|Any CPU.ActiveCfg = Debug|Any CPU
		{B5556177-D15A-4094-90C2-ECFAE0F534A8}.Debug|Any CPU.Build.0 = Debug|Any CPU
		{B5556177-D15A-4094-90C2-ECFAE0F534A8}.Release|Any CPU.ActiveCfg = Release|Any CPU
		{B5556177-D15A-4094-90C2-ECFAE0F534A8}.Release|Any CPU.Build.0 = Release|Any CPU
		{15D0393E-716E-4C07-945B-4DF45914F725}.Debug|Any CPU.ActiveCfg = Debug|Any CPU
		{15D0393E-716E-4C07-945B-4DF45914F725}.Debug|Any CPU.Build.0 = Debug|Any CPU
		{15D0393E-716E-4C07-945B-4DF45914F725}.Release|Any CPU.ActiveCfg = Release|Any CPU
		{15D0393E-716E-4C07-945B-4DF45914F725}.Release|Any CPU.Build.0 = Release|Any CPU
		{1306AC12-D5F0-4D03-802D-C7F4E72C781E}.Debug|Any CPU.ActiveCfg = Debug|Any CPU
		{1306AC12-D5F0-4D03-802D-C7F4E72C781E}.Debug|Any CPU.Build.0 = Debug|Any CPU
		{1306AC12-D5F0-4D03-802D-C7F4E72C781E}.Release|Any CPU.ActiveCfg = Release|Any CPU
		{1306AC12-D5F0-4D03-802D-C7F4E72C781E}.Release|Any CPU.Build.0 = Release|Any CPU
		{E9BF266A-6EC9-49CB-9966-7DC3DAAE745B}.Debug|Any CPU.ActiveCfg = Debug|Any CPU
		{E9BF266A-6EC9-49CB-9966-7DC3DAAE745B}.Debug|Any CPU.Build.0 = Debug|Any CPU
		{E9BF266A-6EC9-49CB-9966-7DC3DAAE745B}.Release|Any CPU.ActiveCfg = Release|Any CPU
		{E9BF266A-6EC9-49CB-9966-7DC3DAAE745B}.Release|Any CPU.Build.0 = Release|Any CPU
		{959073A8-F0DB-4C94-8739-AFC46C6A56AE}.Debug|Any CPU.ActiveCfg = Debug|Any CPU
		{959073A8-F0DB-4C94-8739-AFC46C6A56AE}.Debug|Any CPU.Build.0 = Debug|Any CPU
		{959073A8-F0DB-4C94-8739-AFC46C6A56AE}.Release|Any CPU.ActiveCfg = Release|Any CPU
		{959073A8-F0DB-4C94-8739-AFC46C6A56AE}.Release|Any CPU.Build.0 = Release|Any CPU
		{342B126E-CDEF-456F-AF71-3143C29BB517}.Debug|Any CPU.ActiveCfg = Debug|Any CPU
		{342B126E-CDEF-456F-AF71-3143C29BB517}.Debug|Any CPU.Build.0 = Debug|Any CPU
		{342B126E-CDEF-456F-AF71-3143C29BB517}.Release|Any CPU.ActiveCfg = Release|Any CPU
		{342B126E-CDEF-456F-AF71-3143C29BB517}.Release|Any CPU.Build.0 = Release|Any CPU
		{83BA31C1-B896-44D5-90B7-A1F1EF95C88B}.Debug|Any CPU.ActiveCfg = Debug|Any CPU
		{83BA31C1-B896-44D5-90B7-A1F1EF95C88B}.Debug|Any CPU.Build.0 = Debug|Any CPU
		{83BA31C1-B896-44D5-90B7-A1F1EF95C88B}.Release|Any CPU.ActiveCfg = Release|Any CPU
		{83BA31C1-B896-44D5-90B7-A1F1EF95C88B}.Release|Any CPU.Build.0 = Release|Any CPU
	EndGlobalSection
EndGlobal
