
Microsoft Visual Studio Solution File, Format Version 12.00
# Visual Studio Version 17
VisualStudioVersion = 17.5.002.0
MinimumVisualStudioVersion = 10.0.40219.1
Project("{2150E333-8FDC-42A3-9474-1A3956D46DE8}") = "src", "src", "{8CDD16AC-B451-4484-AF4D-CBF9B0899C88}"
EndProject
Project("{9A19103F-16F7-4668-BE54-9A1E7A4F7556}") = "Aoxe.Extensions.Configuration.Consul", "src\Aoxe.Extensions.Configuration.Consul\Aoxe.Extensions.Configuration.Consul.csproj", "{06143A49-EC89-4D9B-983B-6D13718FBC92}"
EndProject
Project("{9A19103F-16F7-4668-BE54-9A1E7A4F7556}") = "Aoxe.Extensions.Configuration.Consul.Ini", "src\Aoxe.Extensions.Configuration.Consul.Ini\Aoxe.Extensions.Configuration.Consul.Ini.csproj", "{275E63CC-07AB-4EAC-B40B-E7DC347AC27A}"
EndProject
Project("{9A19103F-16F7-4668-BE54-9A1E7A4F7556}") = "Aoxe.Extensions.Configuration.Consul.IniParser", "src\Aoxe.Extensions.Configuration.Consul.IniParser\Aoxe.Extensions.Configuration.Consul.IniParser.csproj", "{FD228A61-AAB3-4BAB-8D1D-9DDD3DACE247}"
EndProject
Project("{9A19103F-16F7-4668-BE54-9A1E7A4F7556}") = "Aoxe.Extensions.Configuration.Consul.Json", "src\Aoxe.Extensions.Configuration.Consul.Json\Aoxe.Extensions.Configuration.Consul.Json.csproj", "{8FE6304C-FCCA-4E8B-8138-A0C6ABF834DC}"
EndProject
Project("{9A19103F-16F7-4668-BE54-9A1E7A4F7556}") = "Aoxe.Extensions.Configuration.Consul.NewtonsoftJson", "src\Aoxe.Extensions.Configuration.Consul.NewtonsoftJson\Aoxe.Extensions.Configuration.Consul.NewtonsoftJson.csproj", "{FD7DA3C7-D85A-4E3A-AFC4-67170C79BEFB}"
EndProject
Project("{9A19103F-16F7-4668-BE54-9A1E7A4F7556}") = "Aoxe.Extensions.Configuration.Consul.SharpYaml", "src\Aoxe.Extensions.Configuration.Consul.SharpYaml\Aoxe.Extensions.Configuration.Consul.SharpYaml.csproj", "{840666C8-3919-4B0D-B5F0-873FF8B3D10D}"
EndProject
Project("{9A19103F-16F7-4668-BE54-9A1E7A4F7556}") = "Aoxe.Extensions.Configuration.Consul.Tomlet", "src\Aoxe.Extensions.Configuration.Consul.Tomlet\Aoxe.Extensions.Configuration.Consul.Tomlet.csproj", "{4A6BBB18-F494-49D2-AEF5-35146FDD5200}"
EndProject
Project("{9A19103F-16F7-4668-BE54-9A1E7A4F7556}") = "Aoxe.Extensions.Configuration.Consul.Tomlyn", "src\Aoxe.Extensions.Configuration.Consul.Tomlyn\Aoxe.Extensions.Configuration.Consul.Tomlyn.csproj", "{C79D9711-9820-4478-BFFE-DF267E591E92}"
EndProject
Project("{9A19103F-16F7-4668-BE54-9A1E7A4F7556}") = "Aoxe.Extensions.Configuration.Consul.Xml", "src\Aoxe.Extensions.Configuration.Consul.Xml\Aoxe.Extensions.Configuration.Consul.Xml.csproj", "{A1F6380D-46F1-4ADB-8FB6-9B8E6FC44C00}"
EndProject
Project("{9A19103F-16F7-4668-BE54-9A1E7A4F7556}") = "Aoxe.Extensions.Configuration.Consul.YamlDotNet", "src\Aoxe.Extensions.Configuration.Consul.YamlDotNet\Aoxe.Extensions.Configuration.Consul.YamlDotNet.csproj", "{94E23A0A-53FD-45C7-9642-2B07E0E3A30E}"
EndProject
Project("{2150E333-8FDC-42A3-9474-1A3956D46DE8}") = "tests", "tests", "{39F0EF7A-BE62-414F-81A1-FF1088D6AEAD}"
EndProject
Project("{9A19103F-16F7-4668-BE54-9A1E7A4F7556}") = "Aoxe.Extensions.Configuration.Consul.Ini.Test", "tests\Aoxe.Extensions.Configuration.Consul.Ini.Test\Aoxe.Extensions.Configuration.Consul.Ini.Test.csproj", "{2D4E5948-DC5E-441C-B756-6BD1966FF9BC}"
EndProject
Project("{9A19103F-16F7-4668-BE54-9A1E7A4F7556}") = "Aoxe.Extensions.Configuration.Consul.IniParser.Test", "tests\Aoxe.Extensions.Configuration.Consul.IniParser.Test\Aoxe.Extensions.Configuration.Consul.IniParser.Test.csproj", "{56C43AF4-1BED-4C6B-B8BE-D8B000EE2EDB}"
EndProject
Project("{9A19103F-16F7-4668-BE54-9A1E7A4F7556}") = "Aoxe.Extensions.Configuration.Consul.Json.Test", "tests\Aoxe.Extensions.Configuration.Consul.Json.Test\Aoxe.Extensions.Configuration.Consul.Json.Test.csproj", "{A63D7D76-AE5B-473E-87F4-49375F8AECB3}"
EndProject
Project("{9A19103F-16F7-4668-BE54-9A1E7A4F7556}") = "Aoxe.Extensions.Configuration.Consul.NewtonsoftJson.Test", "tests\Aoxe.Extensions.Configuration.Consul.NewtonsoftJson.Test\Aoxe.Extensions.Configuration.Consul.NewtonsoftJson.Test.csproj", "{D30BCE3A-96E8-4AB6-8E58-5B82F5A0862C}"
EndProject
Project("{9A19103F-16F7-4668-BE54-9A1E7A4F7556}") = "Aoxe.Extensions.Configuration.Consul.SharpYaml.Test", "tests\Aoxe.Extensions.Configuration.Consul.SharpYaml.Test\Aoxe.Extensions.Configuration.Consul.SharpYaml.Test.csproj", "{0B59D437-4370-428F-B32E-1AE976DEE695}"
EndProject
Project("{9A19103F-16F7-4668-BE54-9A1E7A4F7556}") = "Aoxe.Extensions.Configuration.Consul.Test", "tests\Aoxe.Extensions.Configuration.Consul.Test\Aoxe.Extensions.Configuration.Consul.Test.csproj", "{D403B767-4BFE-4C1D-9880-E4E07FEE1CD7}"
EndProject
Project("{9A19103F-16F7-4668-BE54-9A1E7A4F7556}") = "Aoxe.Extensions.Configuration.Consul.Tomlet.Test", "tests\Aoxe.Extensions.Configuration.Consul.Tomlet.Test\Aoxe.Extensions.Configuration.Consul.Tomlet.Test.csproj", "{AD2A798C-1CFB-450C-9180-F08D45D8A92A}"
EndProject
Project("{9A19103F-16F7-4668-BE54-9A1E7A4F7556}") = "Aoxe.Extensions.Configuration.Consul.Tomlyn.Test", "tests\Aoxe.Extensions.Configuration.Consul.Tomlyn.Test\Aoxe.Extensions.Configuration.Consul.Tomlyn.Test.csproj", "{87F1DA48-504B-472A-8001-16F34D23ED2D}"
EndProject
Project("{9A19103F-16F7-4668-BE54-9A1E7A4F7556}") = "Aoxe.Extensions.Configuration.Consul.Xml.Test", "tests\Aoxe.Extensions.Configuration.Consul.Xml.Test\Aoxe.Extensions.Configuration.Consul.Xml.Test.csproj", "{9E3C11AF-007C-4734-AB7E-180DB21B20C2}"
EndProject
Project("{9A19103F-16F7-4668-BE54-9A1E7A4F7556}") = "Aoxe.Extensions.Configuration.Consul.YamlDotNet.Test", "tests\Aoxe.Extensions.Configuration.Consul.YamlDotNet.Test\Aoxe.Extensions.Configuration.Consul.YamlDotNet.Test.csproj", "{C719A515-4DB8-4631-9BA9-1A833DBCC888}"
EndProject
Global
	GlobalSection(SolutionConfigurationPlatforms) = preSolution
		Debug|Any CPU = Debug|Any CPU
		Release|Any CPU = Release|Any CPU
	EndGlobalSection
	GlobalSection(ProjectConfigurationPlatforms) = postSolution
		{06143A49-EC89-4D9B-983B-6D13718FBC92}.Debug|Any CPU.ActiveCfg = Debug|Any CPU
		{06143A49-EC89-4D9B-983B-6D13718FBC92}.Debug|Any CPU.Build.0 = Debug|Any CPU
		{06143A49-EC89-4D9B-983B-6D13718FBC92}.Release|Any CPU.ActiveCfg = Release|Any CPU
		{06143A49-EC89-4D9B-983B-6D13718FBC92}.Release|Any CPU.Build.0 = Release|Any CPU
		{275E63CC-07AB-4EAC-B40B-E7DC347AC27A}.Debug|Any CPU.ActiveCfg = Debug|Any CPU
		{275E63CC-07AB-4EAC-B40B-E7DC347AC27A}.Debug|Any CPU.Build.0 = Debug|Any CPU
		{275E63CC-07AB-4EAC-B40B-E7DC347AC27A}.Release|Any CPU.ActiveCfg = Release|Any CPU
		{275E63CC-07AB-4EAC-B40B-E7DC347AC27A}.Release|Any CPU.Build.0 = Release|Any CPU
		{FD228A61-AAB3-4BAB-8D1D-9DDD3DACE247}.Debug|Any CPU.ActiveCfg = Debug|Any CPU
		{FD228A61-AAB3-4BAB-8D1D-9DDD3DACE247}.Debug|Any CPU.Build.0 = Debug|Any CPU
		{FD228A61-AAB3-4BAB-8D1D-9DDD3DACE247}.Release|Any CPU.ActiveCfg = Release|Any CPU
		{FD228A61-AAB3-4BAB-8D1D-9DDD3DACE247}.Release|Any CPU.Build.0 = Release|Any CPU
		{8FE6304C-FCCA-4E8B-8138-A0C6ABF834DC}.Debug|Any CPU.ActiveCfg = Debug|Any CPU
		{8FE6304C-FCCA-4E8B-8138-A0C6ABF834DC}.Debug|Any CPU.Build.0 = Debug|Any CPU
		{8FE6304C-FCCA-4E8B-8138-A0C6ABF834DC}.Release|Any CPU.ActiveCfg = Release|Any CPU
		{8FE6304C-FCCA-4E8B-8138-A0C6ABF834DC}.Release|Any CPU.Build.0 = Release|Any CPU
		{FD7DA3C7-D85A-4E3A-AFC4-67170C79BEFB}.Debug|Any CPU.ActiveCfg = Debug|Any CPU
		{FD7DA3C7-D85A-4E3A-AFC4-67170C79BEFB}.Debug|Any CPU.Build.0 = Debug|Any CPU
		{FD7DA3C7-D85A-4E3A-AFC4-67170C79BEFB}.Release|Any CPU.ActiveCfg = Release|Any CPU
		{FD7DA3C7-D85A-4E3A-AFC4-67170C79BEFB}.Release|Any CPU.Build.0 = Release|Any CPU
		{840666C8-3919-4B0D-B5F0-873FF8B3D10D}.Debug|Any CPU.ActiveCfg = Debug|Any CPU
		{840666C8-3919-4B0D-B5F0-873FF8B3D10D}.Debug|Any CPU.Build.0 = Debug|Any CPU
		{840666C8-3919-4B0D-B5F0-873FF8B3D10D}.Release|Any CPU.ActiveCfg = Release|Any CPU
		{840666C8-3919-4B0D-B5F0-873FF8B3D10D}.Release|Any CPU.Build.0 = Release|Any CPU
		{4A6BBB18-F494-49D2-AEF5-35146FDD5200}.Debug|Any CPU.ActiveCfg = Debug|Any CPU
		{4A6BBB18-F494-49D2-AEF5-35146FDD5200}.Debug|Any CPU.Build.0 = Debug|Any CPU
		{4A6BBB18-F494-49D2-AEF5-35146FDD5200}.Release|Any CPU.ActiveCfg = Release|Any CPU
		{4A6BBB18-F494-49D2-AEF5-35146FDD5200}.Release|Any CPU.Build.0 = Release|Any CPU
		{C79D9711-9820-4478-BFFE-DF267E591E92}.Debug|Any CPU.ActiveCfg = Debug|Any CPU
		{C79D9711-9820-4478-BFFE-DF267E591E92}.Debug|Any CPU.Build.0 = Debug|Any CPU
		{C79D9711-9820-4478-BFFE-DF267E591E92}.Release|Any CPU.ActiveCfg = Release|Any CPU
		{C79D9711-9820-4478-BFFE-DF267E591E92}.Release|Any CPU.Build.0 = Release|Any CPU
		{A1F6380D-46F1-4ADB-8FB6-9B8E6FC44C00}.Debug|Any CPU.ActiveCfg = Debug|Any CPU
		{A1F6380D-46F1-4ADB-8FB6-9B8E6FC44C00}.Debug|Any CPU.Build.0 = Debug|Any CPU
		{A1F6380D-46F1-4ADB-8FB6-9B8E6FC44C00}.Release|Any CPU.ActiveCfg = Release|Any CPU
		{A1F6380D-46F1-4ADB-8FB6-9B8E6FC44C00}.Release|Any CPU.Build.0 = Release|Any CPU
		{94E23A0A-53FD-45C7-9642-2B07E0E3A30E}.Debug|Any CPU.ActiveCfg = Debug|Any CPU
		{94E23A0A-53FD-45C7-9642-2B07E0E3A30E}.Debug|Any CPU.Build.0 = Debug|Any CPU
		{94E23A0A-53FD-45C7-9642-2B07E0E3A30E}.Release|Any CPU.ActiveCfg = Release|Any CPU
		{94E23A0A-53FD-45C7-9642-2B07E0E3A30E}.Release|Any CPU.Build.0 = Release|Any CPU
		{2D4E5948-DC5E-441C-B756-6BD1966FF9BC}.Debug|Any CPU.ActiveCfg = Debug|Any CPU
		{2D4E5948-DC5E-441C-B756-6BD1966FF9BC}.Debug|Any CPU.Build.0 = Debug|Any CPU
		{2D4E5948-DC5E-441C-B756-6BD1966FF9BC}.Release|Any CPU.ActiveCfg = Release|Any CPU
		{2D4E5948-DC5E-441C-B756-6BD1966FF9BC}.Release|Any CPU.Build.0 = Release|Any CPU
		{56C43AF4-1BED-4C6B-B8BE-D8B000EE2EDB}.Debug|Any CPU.ActiveCfg = Debug|Any CPU
		{56C43AF4-1BED-4C6B-B8BE-D8B000EE2EDB}.Debug|Any CPU.Build.0 = Debug|Any CPU
		{56C43AF4-1BED-4C6B-B8BE-D8B000EE2EDB}.Release|Any CPU.ActiveCfg = Release|Any CPU
		{56C43AF4-1BED-4C6B-B8BE-D8B000EE2EDB}.Release|Any CPU.Build.0 = Release|Any CPU
		{A63D7D76-AE5B-473E-87F4-49375F8AECB3}.Debug|Any CPU.ActiveCfg = Debug|Any CPU
		{A63D7D76-AE5B-473E-87F4-49375F8AECB3}.Debug|Any CPU.Build.0 = Debug|Any CPU
		{A63D7D76-AE5B-473E-87F4-49375F8AECB3}.Release|Any CPU.ActiveCfg = Release|Any CPU
		{A63D7D76-AE5B-473E-87F4-49375F8AECB3}.Release|Any CPU.Build.0 = Release|Any CPU
		{D30BCE3A-96E8-4AB6-8E58-5B82F5A0862C}.Debug|Any CPU.ActiveCfg = Debug|Any CPU
		{D30BCE3A-96E8-4AB6-8E58-5B82F5A0862C}.Debug|Any CPU.Build.0 = Debug|Any CPU
		{D30BCE3A-96E8-4AB6-8E58-5B82F5A0862C}.Release|Any CPU.ActiveCfg = Release|Any CPU
		{D30BCE3A-96E8-4AB6-8E58-5B82F5A0862C}.Release|Any CPU.Build.0 = Release|Any CPU
		{0B59D437-4370-428F-B32E-1AE976DEE695}.Debug|Any CPU.ActiveCfg = Debug|Any CPU
		{0B59D437-4370-428F-B32E-1AE976DEE695}.Debug|Any CPU.Build.0 = Debug|Any CPU
		{0B59D437-4370-428F-B32E-1AE976DEE695}.Release|Any CPU.ActiveCfg = Release|Any CPU
		{0B59D437-4370-428F-B32E-1AE976DEE695}.Release|Any CPU.Build.0 = Release|Any CPU
		{D403B767-4BFE-4C1D-9880-E4E07FEE1CD7}.Debug|Any CPU.ActiveCfg = Debug|Any CPU
		{D403B767-4BFE-4C1D-9880-E4E07FEE1CD7}.Debug|Any CPU.Build.0 = Debug|Any CPU
		{D403B767-4BFE-4C1D-9880-E4E07FEE1CD7}.Release|Any CPU.ActiveCfg = Release|Any CPU
		{D403B767-4BFE-4C1D-9880-E4E07FEE1CD7}.Release|Any CPU.Build.0 = Release|Any CPU
		{AD2A798C-1CFB-450C-9180-F08D45D8A92A}.Debug|Any CPU.ActiveCfg = Debug|Any CPU
		{AD2A798C-1CFB-450C-9180-F08D45D8A92A}.Debug|Any CPU.Build.0 = Debug|Any CPU
		{AD2A798C-1CFB-450C-9180-F08D45D8A92A}.Release|Any CPU.ActiveCfg = Release|Any CPU
		{AD2A798C-1CFB-450C-9180-F08D45D8A92A}.Release|Any CPU.Build.0 = Release|Any CPU
		{87F1DA48-504B-472A-8001-16F34D23ED2D}.Debug|Any CPU.ActiveCfg = Debug|Any CPU
		{87F1DA48-504B-472A-8001-16F34D23ED2D}.Debug|Any CPU.Build.0 = Debug|Any CPU
		{87F1DA48-504B-472A-8001-16F34D23ED2D}.Release|Any CPU.ActiveCfg = Release|Any CPU
		{87F1DA48-504B-472A-8001-16F34D23ED2D}.Release|Any CPU.Build.0 = Release|Any CPU
		{9E3C11AF-007C-4734-AB7E-180DB21B20C2}.Debug|Any CPU.ActiveCfg = Debug|Any CPU
		{9E3C11AF-007C-4734-AB7E-180DB21B20C2}.Debug|Any CPU.Build.0 = Debug|Any CPU
		{9E3C11AF-007C-4734-AB7E-180DB21B20C2}.Release|Any CPU.ActiveCfg = Release|Any CPU
		{9E3C11AF-007C-4734-AB7E-180DB21B20C2}.Release|Any CPU.Build.0 = Release|Any CPU
		{C719A515-4DB8-4631-9BA9-1A833DBCC888}.Debug|Any CPU.ActiveCfg = Debug|Any CPU
		{C719A515-4DB8-4631-9BA9-1A833DBCC888}.Debug|Any CPU.Build.0 = Debug|Any CPU
		{C719A515-4DB8-4631-9BA9-1A833DBCC888}.Release|Any CPU.ActiveCfg = Release|Any CPU
		{C719A515-4DB8-4631-9BA9-1A833DBCC888}.Release|Any CPU.Build.0 = Release|Any CPU
	EndGlobalSection
	GlobalSection(SolutionProperties) = preSolution
		HideSolutionNode = FALSE
	EndGlobalSection
	GlobalSection(NestedProjects) = preSolution
		{06143A49-EC89-4D9B-983B-6D13718FBC92} = {8CDD16AC-B451-4484-AF4D-CBF9B0899C88}
		{275E63CC-07AB-4EAC-B40B-E7DC347AC27A} = {8CDD16AC-B451-4484-AF4D-CBF9B0899C88}
		{FD228A61-AAB3-4BAB-8D1D-9DDD3DACE247} = {8CDD16AC-B451-4484-AF4D-CBF9B0899C88}
		{8FE6304C-FCCA-4E8B-8138-A0C6ABF834DC} = {8CDD16AC-B451-4484-AF4D-CBF9B0899C88}
		{FD7DA3C7-D85A-4E3A-AFC4-67170C79BEFB} = {8CDD16AC-B451-4484-AF4D-CBF9B0899C88}
		{840666C8-3919-4B0D-B5F0-873FF8B3D10D} = {8CDD16AC-B451-4484-AF4D-CBF9B0899C88}
		{4A6BBB18-F494-49D2-AEF5-35146FDD5200} = {8CDD16AC-B451-4484-AF4D-CBF9B0899C88}
		{C79D9711-9820-4478-BFFE-DF267E591E92} = {8CDD16AC-B451-4484-AF4D-CBF9B0899C88}
		{A1F6380D-46F1-4ADB-8FB6-9B8E6FC44C00} = {8CDD16AC-B451-4484-AF4D-CBF9B0899C88}
		{94E23A0A-53FD-45C7-9642-2B07E0E3A30E} = {8CDD16AC-B451-4484-AF4D-CBF9B0899C88}
		{2D4E5948-DC5E-441C-B756-6BD1966FF9BC} = {39F0EF7A-BE62-414F-81A1-FF1088D6AEAD}
		{56C43AF4-1BED-4C6B-B8BE-D8B000EE2EDB} = {39F0EF7A-BE62-414F-81A1-FF1088D6AEAD}
		{A63D7D76-AE5B-473E-87F4-49375F8AECB3} = {39F0EF7A-BE62-414F-81A1-FF1088D6AEAD}
		{D30BCE3A-96E8-4AB6-8E58-5B82F5A0862C} = {39F0EF7A-BE62-414F-81A1-FF1088D6AEAD}
		{0B59D437-4370-428F-B32E-1AE976DEE695} = {39F0EF7A-BE62-414F-81A1-FF1088D6AEAD}
		{D403B767-4BFE-4C1D-9880-E4E07FEE1CD7} = {39F0EF7A-BE62-414F-81A1-FF1088D6AEAD}
		{AD2A798C-1CFB-450C-9180-F08D45D8A92A} = {39F0EF7A-BE62-414F-81A1-FF1088D6AEAD}
		{87F1DA48-504B-472A-8001-16F34D23ED2D} = {39F0EF7A-BE62-414F-81A1-FF1088D6AEAD}
		{9E3C11AF-007C-4734-AB7E-180DB21B20C2} = {39F0EF7A-BE62-414F-81A1-FF1088D6AEAD}
		{C719A515-4DB8-4631-9BA9-1A833DBCC888} = {39F0EF7A-BE62-414F-81A1-FF1088D6AEAD}
	EndGlobalSection
	GlobalSection(ExtensibilityGlobals) = postSolution
		SolutionGuid = {9A6BFA55-627E-4952-A52F-31F171F06427}
	EndGlobalSection
EndGlobal
